{
  "name": "app",
  "requires": true,
  "lockfileVersion": 1,
  "dependencies": {
    "@esbuild/linux-loong64": {
      "version": "0.15.4",
      "resolved": "https://registry.npmjs.org/@esbuild/linux-loong64/-/linux-loong64-0.15.4.tgz",
      "integrity": "sha512-6uFuTbBbdBk7lbW8lb5jaEqrCyiJa+wb+Sfcr0FJNGgWHnUY0RvXbkqQj/OaDEyu0vrMvfbD27fbyRySK0muUw==",
      "optional": true
    },
    "@hotwired/stimulus": {
      "version": "3.1.0",
      "resolved": "https://registry.npmjs.org/@hotwired/stimulus/-/stimulus-3.1.0.tgz",
      "integrity": "sha512-iDMHUhiEJ1xFeicyHcZQQgBzhtk5mPR0QZO3L6wtqzMsJEk2TKECuCQTGKjm+KJTHVY0dKq1dOOAWvODjpd2Mg=="
    },
    "@hotwired/turbo": {
      "version": "7.1.0",
      "resolved": "https://registry.npmjs.org/@hotwired/turbo/-/turbo-7.1.0.tgz",
      "integrity": "sha512-Q8kGjqwPqER+CtpQudbH+3Zgs2X4zb6pBAlr6NsKTXadg45pAOvxI9i4QpuHbwSzR2+x87HUm+rot9F/Pe8rxA=="
    },
    "@hotwired/turbo-rails": {
      "version": "7.1.3",
      "resolved": "https://registry.npmjs.org/@hotwired/turbo-rails/-/turbo-rails-7.1.3.tgz",
      "integrity": "sha512-6qKgn75bMWKx0bJgmSfrdC73EJkGLoSWZPAssvcd3nE7ZpDZff6f67j5OQNjjpRgNB7OFruom6VWguGQGu1fQg==",
      "requires": {
        "@hotwired/turbo": "^7.1.0",
        "@rails/actioncable": "^7.0"
      }
    },
    "@rails/actioncable": {
      "version": "7.0.3",
      "resolved": "https://registry.npmjs.org/@rails/actioncable/-/actioncable-7.0.3.tgz",
      "integrity": "sha512-Iefl21FZD+ck1di6xSHMYzSzRiNJTHV4NrAzCfDfqc/wPz4xncrP8f2/fJ+2jzwKIaDn76UVMsALh7R5OzsF8Q=="
    },
    "esbuild": {
      "version": "0.15.4",
      "resolved": "https://registry.npmjs.org/esbuild/-/esbuild-0.15.4.tgz",
      "integrity": "sha512-wSQJWQXCuQhRnRQQUNZpj8oyYJTvjFCuYzAOt07SWX9hLaA+idr3BWTTj8S2k7Fldhbkfpb4DYJTO3RWRhxKbA==",
      "requires": {
        "@esbuild/linux-loong64": "0.15.4",
        "esbuild-android-64": "0.15.4",
        "esbuild-android-arm64": "0.15.4",
        "esbuild-darwin-64": "0.15.4",
        "esbuild-darwin-arm64": "0.15.4",
        "esbuild-freebsd-64": "0.15.4",
        "esbuild-freebsd-arm64": "0.15.4",
        "esbuild-linux-32": "0.15.4",
        "esbuild-linux-64": "0.15.4",
        "esbuild-linux-arm": "0.15.4",
        "esbuild-linux-arm64": "0.15.4",
        "esbuild-linux-mips64le": "0.15.4",
        "esbuild-linux-ppc64le": "0.15.4",
        "esbuild-linux-riscv64": "0.15.4",
        "esbuild-linux-s390x": "0.15.4",
        "esbuild-netbsd-64": "0.15.4",
        "esbuild-openbsd-64": "0.15.4",
        "esbuild-sunos-64": "0.15.4",
        "esbuild-windows-32": "0.15.4",
        "esbuild-windows-64": "0.15.4",
        "esbuild-windows-arm64": "0.15.4"
      }
    },
    "esbuild-android-64": {
      "version": "0.15.4",
      "resolved": "https://registry.npmjs.org/esbuild-android-64/-/esbuild-android-64-0.15.4.tgz",
      "integrity": "sha512-Phl8srrfwgWC/aZsR2HK5FVMK9XY9T8Qi2lO76/N7OpxODnlF4PUx43gm+CdseAvY8Y58BEUXYdiajA4oP3WEg==",
      "optional": true
    },
    "esbuild-android-arm64": {
      "version": "0.15.4",
      "resolved": "https://registry.npmjs.org/esbuild-android-arm64/-/esbuild-android-arm64-0.15.4.tgz",
      "integrity": "sha512-2VHCcYm0prP5qFV4fSZwml6/fCk2vqLlJtkt0V9VB2LVSckaa5Fmk4iP4Yo7N+U6GpkG0VBi1D3j+WRbh7NNTA==",
      "optional": true
    },
    "esbuild-darwin-64": {
      "version": "0.15.4",
      "resolved": "https://registry.npmjs.org/esbuild-darwin-64/-/esbuild-darwin-64-0.15.4.tgz",
      "integrity": "sha512-UpGsrCmNFdFRzDdorWoU5Sqi1BiKBQw2pC+3y0Fzue5xffWHuDuXrCK3EfNEVLlipRcopgINtmSop068y5sR8w==",
      "optional": true
    },
    "esbuild-darwin-arm64": {
      "version": "0.15.4",
      "resolved": "https://registry.npmjs.org/esbuild-darwin-arm64/-/esbuild-darwin-arm64-0.15.4.tgz",
      "integrity": "sha512-pTPxb/Hhpj7GYA5eFL1AMw14qtpglR0nioKW6GTkkFuW/RJimk4w10oSIAU/XhiRz4CHtRwBXqkuoBlrwzjlWQ==",
      "optional": true
    },
    "esbuild-freebsd-64": {
      "version": "0.15.4",
      "resolved": "https://registry.npmjs.org/esbuild-freebsd-64/-/esbuild-freebsd-64-0.15.4.tgz",
      "integrity": "sha512-sLdEx/zsdHwmYRwggluSVvJt51yDXRDsCSjDj/nqi9vZXyPn1YPRSz+G+c7eBgVp/bttsi3pCQTpmUN9+iIvGg==",
      "optional": true
    },
    "esbuild-freebsd-arm64": {
      "version": "0.15.4",
      "resolved": "https://registry.npmjs.org/esbuild-freebsd-arm64/-/esbuild-freebsd-arm64-0.15.4.tgz",
      "integrity": "sha512-M0FPT9UUvNsqLbZxmxqhOA0jYzaCUIklXsV6wc+WCKnyZnKf7PisugPp6OwkbRnQs7uHbOopMABgBGq3dio/Yw==",
      "optional": true
    },
    "esbuild-linux-32": {
      "version": "0.15.4",
      "resolved": "https://registry.npmjs.org/esbuild-linux-32/-/esbuild-linux-32-0.15.4.tgz",
      "integrity": "sha512-LbkSPE9I3JqY8/2Nt5Hv8C7f4YgcVLXkWZtg2eL26SP647UfN00AnZIGZTvMnPoAyUuD3XAF870iIugyfeNwtA==",
      "optional": true
    },
    "esbuild-linux-64": {
      "version": "0.15.4",
      "resolved": "https://registry.npmjs.org/esbuild-linux-64/-/esbuild-linux-64-0.15.4.tgz",
      "integrity": "sha512-v1dRx4MKPUgKbA5FNT+rYz/E+t9TSP/qCCC12m2Iv4SWCzCpTw4mBdoRLC6jgjuRWy2OZ+2MTYHLSEODMBFTEg==",
      "optional": true
    },
    "esbuild-linux-arm": {
      "version": "0.15.4",
      "resolved": "https://registry.npmjs.org/esbuild-linux-arm/-/esbuild-linux-arm-0.15.4.tgz",
      "integrity": "sha512-+lF+uk/knaZHRIWS50s/JEutmt7GWNly2IbfyEUEFHV+3fnnOz2UzRDLXFW7y6+3R04zrTncypNeK7w1V+Q/2A==",
      "optional": true
    },
    "esbuild-linux-arm64": {
      "version": "0.15.4",
      "resolved": "https://registry.npmjs.org/esbuild-linux-arm64/-/esbuild-linux-arm64-0.15.4.tgz",
      "integrity": "sha512-rhqtX2q/W4q0OevlQcZ4XAbtFfgbZjSynSKIKgtXAtRVQaG57YFiT5O1UVy2aD32g1gsAIbRBLlAg+jFBEkkbg==",
      "optional": true
    },
    "esbuild-linux-mips64le": {
      "version": "0.15.4",
      "resolved": "https://registry.npmjs.org/esbuild-linux-mips64le/-/esbuild-linux-mips64le-0.15.4.tgz",
      "integrity": "sha512-tygMDy0+Rf3D7mhQGXjyCFDj2+WJREvXASnwwmAiflUYZTTexXybZLqzSArob5p+ulaRKr8ZUE/edBNDStKoqw==",
      "optional": true
    },
    "esbuild-linux-ppc64le": {
      "version": "0.15.4",
      "resolved": "https://registry.npmjs.org/esbuild-linux-ppc64le/-/esbuild-linux-ppc64le-0.15.4.tgz",
      "integrity": "sha512-CcAJjc6gKvML7n76aUQJEvz3hDMm1tnb9ZirInTjETJ0XGrw/JaZzKTnsa3NBlEtO/hZnN+xSHif8IqUCJcY0w==",
      "optional": true
    },
    "esbuild-linux-riscv64": {
      "version": "0.15.4",
      "resolved": "https://registry.npmjs.org/esbuild-linux-riscv64/-/esbuild-linux-riscv64-0.15.4.tgz",
      "integrity": "sha512-GSbnazL7/1ngcoZ7I8jklnO01DXukAM1vQnTZnraqzsP+SwfpkuZBp+qU856wYJZZauNAC0Y0hZrgeiVJt0nRw==",
      "optional": true
    },
    "esbuild-linux-s390x": {
      "version": "0.15.4",
      "resolved": "https://registry.npmjs.org/esbuild-linux-s390x/-/esbuild-linux-s390x-0.15.4.tgz",
      "integrity": "sha512-TRRuxc7qgYcYUae8EH6RgKkrsQ2AITDrt4FOLqvrYm32/63a/9Q17Gfu9hZFI5uEOqgd1l0rlWXJdJYm4S9Yug==",
      "optional": true
    },
    "esbuild-netbsd-64": {
      "version": "0.15.4",
      "resolved": "https://registry.npmjs.org/esbuild-netbsd-64/-/esbuild-netbsd-64-0.15.4.tgz",
      "integrity": "sha512-bOZ4E9nnmCpR8kekPe5fFZ0/vsZWWFUcNOrIu1gw2Yli74ALxkdijFT2m9JnfHQJCreFXUsNlYrzO2vD/ZTfKQ==",
      "optional": true
    },
    "esbuild-openbsd-64": {
      "version": "0.15.4",
      "resolved": "https://registry.npmjs.org/esbuild-openbsd-64/-/esbuild-openbsd-64-0.15.4.tgz",
      "integrity": "sha512-BvhLa8uHcVzdO492LGMfX9DjgZhhdjOSNSr6FizzpAwiQWE50RDoJ3G4VC6uQ1dULx/w+NtqeZP6hXOiahxrMw==",
      "optional": true
    },
    "esbuild-sunos-64": {
      "version": "0.15.4",
      "resolved": "https://registry.npmjs.org/esbuild-sunos-64/-/esbuild-sunos-64-0.15.4.tgz",
      "integrity": "sha512-OnUVLjAmZK66gatr9Ft9zY1Xb+wzrJrhwiuW6VlAOGZg1uFC20JziySGzQ3t5VtmIiMbbV8SUgxsMz2jJ/gI5Q==",
      "optional": true
    },
    "esbuild-windows-32": {
      "version": "0.15.4",
      "resolved": "https://registry.npmjs.org/esbuild-windows-32/-/esbuild-windows-32-0.15.4.tgz",
      "integrity": "sha512-W8OLh+RoQfXKCyU5tMiRSVm68JWv1bNA90zXr8lSvaICqfjYV+YOsVWSI+HvU8gfYaePQNlhKrSIpf/t3qtFbA==",
      "optional": true
    },
    "esbuild-windows-64": {
      "version": "0.15.4",
      "resolved": "https://registry.npmjs.org/esbuild-windows-64/-/esbuild-windows-64-0.15.4.tgz",
      "integrity": "sha512-3//ZfrtStFrQzQyCU1gmdpFCa3aC9WJ2NPNu1D1faw1Op8coUdMOTzyKfy7eycPdmsALUAvla0PhgAvlvy0k5Q==",
      "optional": true
    },
    "esbuild-windows-arm64": {
      "version": "0.15.4",
      "resolved": "https://registry.npmjs.org/esbuild-windows-arm64/-/esbuild-windows-arm64-0.15.4.tgz",
      "integrity": "sha512-OOb9RI0wlweBoHB1nrB/93h6Fnz6u89OzPe8zh6sp8+yNUzB15/eUmdZwLNjCrY9kJUWZ3JnRcLXxJeqot4W+w==",
      "optional": true
    },
    "js-tokens": {
      "version": "4.0.0",
      "resolved": "https://registry.npmjs.org/js-tokens/-/js-tokens-4.0.0.tgz",
      "integrity": "sha512-RdJUflcE3cUzKiMqQgsCu06FPu9UdIJO0beYbPhHN4k6apgJtifcoCtT9bcxOpYBtpD2kCM6Sbzg4CausW/PKQ=="
    },
    "loose-envify": {
      "version": "1.4.0",
      "resolved": "https://registry.npmjs.org/loose-envify/-/loose-envify-1.4.0.tgz",
      "integrity": "sha512-lyuxPGr/Wfhrlem2CL/UcnUc1zcqKAImBDzukY7Y5F/yQiNdko6+fRLevlw1HgMySw7f611UIY408EtxRSoK3Q==",
      "requires": {
        "js-tokens": "^3.0.0 || ^4.0.0"
      }
    },
    "react": {
      "version": "18.2.0",
      "resolved": "https://registry.npmjs.org/react/-/react-18.2.0.tgz",
      "integrity": "sha512-/3IjMdb2L9QbBdWiW5e3P2/npwMBaU9mHCSCUzNln0ZCYbcfTsGbTJrU/kGemdH2IWmB2ioZ+zkxtmq6g09fGQ==",
      "requires": {
        "loose-envify": "^1.1.0"
      }
    },
    "react-dom": {
      "version": "18.2.0",
      "resolved": "https://registry.npmjs.org/react-dom/-/react-dom-18.2.0.tgz",
      "integrity": "sha512-6IMTriUmvsjHUjNtEDudZfuDQUoWXVxKHhlEGSk81n4YFS+r/Kl99wXiwlVXtPBtJenozv2P+hxDsw9eA7Xo6g==",
      "requires": {
        "loose-envify": "^1.1.0",
        "scheduler": "^0.23.0"
      }
    },
    "scheduler": {
      "version": "0.23.0",
      "resolved": "https://registry.npmjs.org/scheduler/-/scheduler-0.23.0.tgz",
      "integrity": "sha512-CtuThmgHNg7zIZWAXi3AsyIzA3n4xx7aNyjwC2VJldO2LMVDhFK+63xGqq6CsJH4rTAt6/M+N4GhZiDYPx9eUw==",
      "requires": {
        "loose-envify": "^1.1.0"
      }
    }
  }
}
